Microsoft Visual Studio Solution File, Format Version 12.00
# Visual Studio Version 17
VisualStudioVersion = 17.5.2.0
MinimumVisualStudioVersion = 10.0.40219.1
Project("{FAE04EC0-301F-11D3-BF4B-00C04F79EFBC}") = "ifs-automation", "ifs-automation.csproj", "{EB9E410A-BFA6-BEA1-8E37-755881A17834}"
EndProject
Global
	GlobalSection(SolutionConfigurationPlatforms) = preSolution
		Debug|Any CPU = Debug|Any CPU
		Release|Any CPU = Release|Any CPU
	EndGlobalSection
	GlobalSection(ProjectConfigurationPlatforms) = postSolution
		{EB9E410A-BFA6-BEA1-8E37-755881A17834}.Debug|Any CPU.ActiveCfg = Debug|Any CPU
		{EB9E410A-BFA6-BEA1-8E37-755881A17834}.Debug|Any CPU.Build.0 = Debug|Any CPU
		{EB9E410A-BFA6-BEA1-8E37-755881A17834}.Release|Any CPU.ActiveCfg = Release|Any CPU
		{EB9E410A-BFA6-BEA1-8E37-755881A17834}.Release|Any CPU.Build.0 = Release|Any CPU
	EndGlobalSection
	GlobalSection(SolutionProperties) = preSolution
		HideSolutionNode = FALSE
	EndGlobalSection
	GlobalSection(ExtensibilityGlobals) = postSolution
		SolutionGuid = {0A2C0C38-5142-404A-8DCE-BDE815D0269C}
	EndGlobalSection
EndGlobal
